
Microsoft Visual Studio Solution File, Format Version 12.00
# Visual Studio Version 17
VisualStudioVersion = 17.5.33516.290
MinimumVisualStudioVersion = 10.0.40219.1
Project("{9A19103F-16F7-4668-BE54-9A1E7A4F7556}") = "ToDoApp.Infra", "..\ToDoApp.Infra\ToDoApp.Infra.csproj", "{F3ED6F55-3180-4351-9C53-7D32F6B09F09}"
EndProject
Project("{9A19103F-16F7-4668-BE54-9A1E7A4F7556}") = "ToDoApp.Core", "..\ToDoApp.Core\ToDoApp.Core.csproj", "{996C5B74-CD75-4787-8AD6-A4A87EADDBC6}"
EndProject
Project("{FAE04EC0-301F-11D3-BF4B-00C04F79EFBC}") = "ToDo.Application", "..\ToDo.Application\ToDo.Application.csproj", "{E00549BC-B203-4F44-AA43-C42FE9F64308}"
EndProject
Global
	GlobalSection(SolutionConfigurationPlatforms) = preSolution
		Debug|Any CPU = Debug|Any CPU
		Release|Any CPU = Release|Any CPU
	EndGlobalSection
	GlobalSection(ProjectConfigurationPlatforms) = postSolution
		{F3ED6F55-3180-4351-9C53-7D32F6B09F09}.Debug|Any CPU.ActiveCfg = Debug|Any CPU
		{F3ED6F55-3180-4351-9C53-7D32F6B09F09}.Debug|Any CPU.Build.0 = Debug|Any CPU
		{F3ED6F55-3180-4351-9C53-7D32F6B09F09}.Release|Any CPU.ActiveCfg = Release|Any CPU
		{F3ED6F55-3180-4351-9C53-7D32F6B09F09}.Release|Any CPU.Build.0 = Release|Any CPU
		{996C5B74-CD75-4787-8AD6-A4A87EADDBC6}.Debug|Any CPU.ActiveCfg = Debug|Any CPU
		{996C5B74-CD75-4787-8AD6-A4A87EADDBC6}.Debug|Any CPU.Build.0 = Debug|Any CPU
		{996C5B74-CD75-4787-8AD6-A4A87EADDBC6}.Release|Any CPU.ActiveCfg = Release|Any CPU
		{996C5B74-CD75-4787-8AD6-A4A87EADDBC6}.Release|Any CPU.Build.0 = Release|Any CPU
		{E00549BC-B203-4F44-AA43-C42FE9F64308}.Debug|Any CPU.ActiveCfg = Debug|Any CPU
		{E00549BC-B203-4F44-AA43-C42FE9F64308}.Debug|Any CPU.Build.0 = Debug|Any CPU
		{E00549BC-B203-4F44-AA43-C42FE9F64308}.Release|Any CPU.ActiveCfg = Release|Any CPU
		{E00549BC-B203-4F44-AA43-C42FE9F64308}.Release|Any CPU.Build.0 = Release|Any CPU
	EndGlobalSection
	GlobalSection(SolutionProperties) = preSolution
		HideSolutionNode = FALSE
	EndGlobalSection
	GlobalSection(ExtensibilityGlobals) = postSolution
		SolutionGuid = {9843C68F-60E0-4F72-AA07-4B0E29CC4972}
	EndGlobalSection
EndGlobal
